
Microsoft Visual Studio Solution File, Format Version 12.00
# Visual Studio 15
VisualStudioVersion = 15.0.28010.2019
MinimumVisualStudioVersion = 10.0.40219.1
Project("{FAE04EC0-301F-11D3-BF4B-00C04F79EFBC}") = "BRM.Indexing.SitecoreSolrExtensions", "BRM.SitecoreSolrExtensions\BRM.Indexing.SitecoreSolrExtensions.csproj", "{3372D0E6-6785-48F1-AAED-A4B587C924C8}"
EndProject
Project("{FAE04EC0-301F-11D3-BF4B-00C04F79EFBC}") = "BRM.Indexing.Domain", "BRM.Indexing.Domain\BRM.Indexing.Domain.csproj", "{495BBA3A-9A74-4516-AAF1-B5BEB0DC6D51}"
EndProject
Project("{FAE04EC0-301F-11D3-BF4B-00C04F79EFBC}") = "BRM.Indexing.Website", "BRM.Indexing.Website\BRM.Indexing.Website.csproj", "{538BB6BC-865E-4098-BA62-4AD986234763}"
EndProject
Global
	GlobalSection(SolutionConfigurationPlatforms) = preSolution
		Debug|Any CPU = Debug|Any CPU
		Release|Any CPU = Release|Any CPU
	EndGlobalSection
	GlobalSection(ProjectConfigurationPlatforms) = postSolution
		{3372D0E6-6785-48F1-AAED-A4B587C924C8}.Debug|Any CPU.ActiveCfg = Debug|Any CPU
		{3372D0E6-6785-48F1-AAED-A4B587C924C8}.Debug|Any CPU.Build.0 = Debug|Any CPU
		{3372D0E6-6785-48F1-AAED-A4B587C924C8}.Release|Any CPU.ActiveCfg = Release|Any CPU
		{3372D0E6-6785-48F1-AAED-A4B587C924C8}.Release|Any CPU.Build.0 = Release|Any CPU
		{495BBA3A-9A74-4516-AAF1-B5BEB0DC6D51}.Debug|Any CPU.ActiveCfg = Debug|Any CPU
		{495BBA3A-9A74-4516-AAF1-B5BEB0DC6D51}.Debug|Any CPU.Build.0 = Debug|Any CPU
		{495BBA3A-9A74-4516-AAF1-B5BEB0DC6D51}.Release|Any CPU.ActiveCfg = Release|Any CPU
		{495BBA3A-9A74-4516-AAF1-B5BEB0DC6D51}.Release|Any CPU.Build.0 = Release|Any CPU
		{538BB6BC-865E-4098-BA62-4AD986234763}.Debug|Any CPU.ActiveCfg = Debug|Any CPU
		{538BB6BC-865E-4098-BA62-4AD986234763}.Debug|Any CPU.Build.0 = Debug|Any CPU
		{538BB6BC-865E-4098-BA62-4AD986234763}.Release|Any CPU.ActiveCfg = Release|Any CPU
		{538BB6BC-865E-4098-BA62-4AD986234763}.Release|Any CPU.Build.0 = Release|Any CPU
	EndGlobalSection
	GlobalSection(SolutionProperties) = preSolution
		HideSolutionNode = FALSE
	EndGlobalSection
	GlobalSection(ExtensibilityGlobals) = postSolution
		SolutionGuid = {49CEE1F4-F2EF-432E-8CB9-32A27623566F}
	EndGlobalSection
EndGlobal
